
Microsoft Visual Studio Solution File, Format Version 12.00
# Visual Studio Version 17
VisualStudioVersion = 17.6.33723.286
MinimumVisualStudioVersion = 10.0.40219.1
Project("{FAE04EC0-301F-11D3-BF4B-00C04F79EFBC}") = "StrideSourceGenerator", "StrideSourceGenerator.csproj", "{11EE29C6-FAA4-4734-B9FC-1884F91857C6}"
EndProject
Project("{FAE04EC0-301F-11D3-BF4B-00C04F79EFBC}") = "StrideSourceGened", "..\StrideSourceGened\StrideSourceGened.csproj", "{081F7830-ADEA-4F27-854D-92587FCAC118}"
EndProject
Global
	GlobalSection(SolutionConfigurationPlatforms) = preSolution
		Debug|Any CPU = Debug|Any CPU
		Debug|x64 = Debug|x64
		Debug|x86 = Debug|x86
		Release|Any CPU = Release|Any CPU
		Release|x64 = Release|x64
		Release|x86 = Release|x86
	EndGlobalSection
	GlobalSection(ProjectConfigurationPlatforms) = postSolution
		{11EE29C6-FAA4-4734-B9FC-1884F91857C6}.Debug|Any CPU.ActiveCfg = Debug|Any CPU
		{11EE29C6-FAA4-4734-B9FC-1884F91857C6}.Debug|Any CPU.Build.0 = Debug|Any CPU
		{11EE29C6-FAA4-4734-B9FC-1884F91857C6}.Debug|x64.ActiveCfg = Debug|Any CPU
		{11EE29C6-FAA4-4734-B9FC-1884F91857C6}.Debug|x64.Build.0 = Debug|Any CPU
		{11EE29C6-FAA4-4734-B9FC-1884F91857C6}.Debug|x86.ActiveCfg = Debug|Any CPU
		{11EE29C6-FAA4-4734-B9FC-1884F91857C6}.Debug|x86.Build.0 = Debug|Any CPU
		{11EE29C6-FAA4-4734-B9FC-1884F91857C6}.Release|Any CPU.ActiveCfg = Release|Any CPU
		{11EE29C6-FAA4-4734-B9FC-1884F91857C6}.Release|Any CPU.Build.0 = Release|Any CPU
		{11EE29C6-FAA4-4734-B9FC-1884F91857C6}.Release|x64.ActiveCfg = Release|Any CPU
		{11EE29C6-FAA4-4734-B9FC-1884F91857C6}.Release|x64.Build.0 = Release|Any CPU
		{11EE29C6-FAA4-4734-B9FC-1884F91857C6}.Release|x86.ActiveCfg = Release|Any CPU
		{11EE29C6-FAA4-4734-B9FC-1884F91857C6}.Release|x86.Build.0 = Release|Any CPU
		{081F7830-ADEA-4F27-854D-92587FCAC118}.Debug|Any CPU.ActiveCfg = Debug|Any CPU
		{081F7830-ADEA-4F27-854D-92587FCAC118}.Debug|Any CPU.Build.0 = Debug|Any CPU
		{081F7830-ADEA-4F27-854D-92587FCAC118}.Debug|x64.ActiveCfg = Debug|Any CPU
		{081F7830-ADEA-4F27-854D-92587FCAC118}.Debug|x64.Build.0 = Debug|Any CPU
		{081F7830-ADEA-4F27-854D-92587FCAC118}.Debug|x86.ActiveCfg = Debug|Any CPU
		{081F7830-ADEA-4F27-854D-92587FCAC118}.Debug|x86.Build.0 = Debug|Any CPU
		{081F7830-ADEA-4F27-854D-92587FCAC118}.Release|Any CPU.ActiveCfg = Release|Any CPU
		{081F7830-ADEA-4F27-854D-92587FCAC118}.Release|Any CPU.Build.0 = Release|Any CPU
		{081F7830-ADEA-4F27-854D-92587FCAC118}.Release|x64.ActiveCfg = Release|Any CPU
		{081F7830-ADEA-4F27-854D-92587FCAC118}.Release|x64.Build.0 = Release|Any CPU
		{081F7830-ADEA-4F27-854D-92587FCAC118}.Release|x86.ActiveCfg = Release|Any CPU
		{081F7830-ADEA-4F27-854D-92587FCAC118}.Release|x86.Build.0 = Release|Any CPU
	EndGlobalSection
	GlobalSection(SolutionProperties) = preSolution
		HideSolutionNode = FALSE
	EndGlobalSection
	GlobalSection(ExtensibilityGlobals) = postSolution
		SolutionGuid = {87ED0B67-5D42-4F5B-8AA5-DC6CD04F03A7}
	EndGlobalSection
EndGlobal
